{
  "name": "assets",
  "version": "1.0.0",
  "lockfileVersion": 3,
  "requires": true,
  "packages": {
    "": {
      "name": "assets",
      "version": "1.0.0",
      "license": "ISC",
      "dependencies": {
        "@fortawesome/fontawesome-free": "^6.4.0",
        "angular": "^1.7.8",
        "angular-route": "^1.7.8",
        "angular-sanitize": "^1.7.9",
        "animate.css": "^4.1.1",
        "bootstrap": "^5.1.3",
        "jpkleemans-angular-validate": "^1.1.3",
        "jquery": "3.4.1",
        "jquery-datetimepicker": "^2.5.21",
        "jquery-validation": "^1.19.2",
        "lightgallery": "^1.10.0",
        "owl.carousel": "^2.3.4",
        "simple-line-icons": "^2.5.5",
        "sweetalert2": "^8.19.0",
        "vanilla-cookieconsent": "^2.8.9",
        "wowjs": "^1.1.3"
      },
      "devDependencies": {
        "box-shadows-css": "^1.0.51"
      }
    },
    "node_modules/@fortawesome/fontawesome-free": {
      "version": "6.4.0",
      "resolved": "https://registry.npmjs.org/@fortawesome/fontawesome-free/-/fontawesome-free-6.4.0.tgz",
      "integrity": "sha512-0NyytTlPJwB/BF5LtRV8rrABDbe3TdTXqNB3PdZ+UUUZAEIrdOJdmABqKjt4AXwIoJNaRVVZEXxpNrqvE1GAYQ==",
      "hasInstallScript": true,
      "engines": {
        "node": ">=6"
      }
    },
    "node_modules/@popperjs/core": {
      "version": "2.11.7",
      "resolved": "https://registry.npmjs.org/@popperjs/core/-/core-2.11.7.tgz",
      "integrity": "sha512-Cr4OjIkipTtcXKjAsm8agyleBuDHvxzeBoa1v543lbv1YaIwQjESsVcmjiWiPEbC1FIeHOG/Op9kdCmAmiS3Kw==",
      "peer": true,
      "funding": {
        "type": "opencollective",
        "url": "https://opencollective.com/popperjs"
      }
    },
    "node_modules/angular": {
      "version": "1.8.3",
      "resolved": "https://registry.npmjs.org/angular/-/angular-1.8.3.tgz",
      "integrity": "sha512-5qjkWIQQVsHj4Sb5TcEs4WZWpFeVFHXwxEBHUhrny41D8UrBAd6T/6nPPAsLngJCReIOqi95W3mxdveveutpZw==",
      "deprecated": "For the actively supported Angular, see https://www.npmjs.com/package/@angular/core. AngularJS support has officially ended. For extended AngularJS support options, see https://goo.gle/angularjs-path-forward."
    },
    "node_modules/angular-route": {
      "version": "1.8.3",
      "resolved": "https://registry.npmjs.org/angular-route/-/angular-route-1.8.3.tgz",
      "integrity": "sha512-kpIcRmDR2+o1FxDVVYy8Rvfab86/7LDbOgTRb9T+X9ewPQiBRuDEnZtM3oJYBiQLvAXDYTJXHV48n/bGE9Mv2g==",
      "deprecated": "For the actively supported Angular, see https://www.npmjs.com/package/@angular/core. AngularJS support has officially ended. For extended AngularJS support options, see https://goo.gle/angularjs-path-forward."
    },
    "node_modules/angular-sanitize": {
      "version": "1.8.3",
      "resolved": "https://registry.npmjs.org/angular-sanitize/-/angular-sanitize-1.8.3.tgz",
      "integrity": "sha512-2rxdqzlUVafUeWOwvY/FtyWk1pFTyCtzreeiTytG9m4smpuAEKaIJAjYeVwWsoV+nlTOcgpwV4W1OCmR+BQbUg==",
      "deprecated": "For the actively supported Angular, see https://www.npmjs.com/package/@angular/core. AngularJS support has officially ended. For extended AngularJS support options, see https://goo.gle/angularjs-path-forward."
    },
    "node_modules/animate.css": {
      "version": "4.1.1",
      "resolved": "https://registry.npmjs.org/animate.css/-/animate.css-4.1.1.tgz",
      "integrity": "sha512-+mRmCTv6SbCmtYJCN4faJMNFVNN5EuCTTprDTAo7YzIGji2KADmakjVA3+8mVDkZ2Bf09vayB35lSQIex2+QaQ=="
    },
    "node_modules/bootstrap": {
      "version": "5.2.3",
      "resolved": "https://registry.npmjs.org/bootstrap/-/bootstrap-5.2.3.tgz",
      "integrity": "sha512-cEKPM+fwb3cT8NzQZYEu4HilJ3anCrWqh3CHAok1p9jXqMPsPTBhU25fBckEJHJ/p+tTxTFTsFQGM+gaHpi3QQ==",
      "funding": [
        {
          "type": "github",
          "url": "https://github.com/sponsors/twbs"
        },
        {
          "type": "opencollective",
          "url": "https://opencollective.com/bootstrap"
        }
      ],
      "peerDependencies": {
        "@popperjs/core": "^2.11.6"
      }
    },
    "node_modules/box-shadows-css": {
      "version": "1.0.51",
      "resolved": "https://registry.npmjs.org/box-shadows-css/-/box-shadows-css-1.0.51.tgz",
      "integrity": "sha512-fNkJJjusnbsGcgRmrCkGv2WudIdPWqoX0/ivdh5G5MkzsaLYJltNLBnaV2hWYSPJp95hd8g0KnBN1TN10DI9IQ==",
      "deprecated": "Package no longer supported. Contact Support at https://www.npmjs.com/support for more info.",
      "dev": true
    },
    "node_modules/copy-anything": {
      "version": "2.0.6",
      "resolved": "https://registry.npmjs.org/copy-anything/-/copy-anything-2.0.6.tgz",
      "integrity": "sha512-1j20GZTsvKNkc4BY3NpMOM8tt///wY3FpIzozTOFO2ffuZcV61nojHXVKIy3WM+7ADCy5FVhdZYHYDdgTU0yJw==",
      "dependencies": {
        "is-what": "^3.14.1"
      },
      "funding": {
        "url": "https://github.com/sponsors/mesqueeb"
      }
    },
    "node_modules/errno": {
      "version": "0.1.8",
      "resolved": "https://registry.npmjs.org/errno/-/errno-0.1.8.tgz",
      "integrity": "sha512-dJ6oBr5SQ1VSd9qkk7ByRgb/1SH4JZjCHSW/mr63/QcXO9zLVxvJ6Oy13nio03rxpSnVDDjFor75SjVeZWPW/A==",
      "optional": true,
      "dependencies": {
        "prr": "~1.0.1"
      },
      "bin": {
        "errno": "cli.js"
      }
    },
    "node_modules/graceful-fs": {
      "version": "4.2.11",
      "resolved": "https://registry.npmjs.org/graceful-fs/-/graceful-fs-4.2.11.tgz",
      "integrity": "sha512-RbJ5/jmFcNNCcDV5o9eTnBLJ/HszWV0P73bc+Ff4nS/rJj+YaS6IGyiOL0VoBYX+l1Wrl3k63h/KrH+nhJ0XvQ==",
      "optional": true
    },
    "node_modules/image-size": {
      "version": "0.5.5",
      "resolved": "https://registry.npmjs.org/image-size/-/image-size-0.5.5.tgz",
      "integrity": "sha512-6TDAlDPZxUFCv+fuOkIoXT/V/f3Qbq8e37p+YOiYrUv3v9cc3/6x78VdfPgFVaB9dZYeLUfKgHRebpkm/oP2VQ==",
      "optional": true,
      "bin": {
        "image-size": "bin/image-size.js"
      },
      "engines": {
        "node": ">=0.10.0"
      }
    },
    "node_modules/is-what": {
      "version": "3.14.1",
      "resolved": "https://registry.npmjs.org/is-what/-/is-what-3.14.1.tgz",
      "integrity": "sha512-sNxgpk9793nzSs7bA6JQJGeIuRBQhAaNGG77kzYQgMkrID+lS6SlK07K5LaptscDlSaIgH+GPFzf+d75FVxozA=="
    },
    "node_modules/jpkleemans-angular-validate": {
      "version": "1.1.3",
      "resolved": "https://registry.npmjs.org/jpkleemans-angular-validate/-/jpkleemans-angular-validate-1.1.3.tgz",
      "integrity": "sha512-9iVCZwb66q7inYUMUbuPyy5HFHhWszOX1R65FdjuWewP+BCJPE6ZVpj1iNrp7D2eU9+3C698b7t0isPIEc29HA=="
    },
    "node_modules/jquery": {
      "version": "3.4.1",
      "resolved": "https://registry.npmjs.org/jquery/-/jquery-3.4.1.tgz",
      "integrity": "sha512-36+AdBzCL+y6qjw5Tx7HgzeGCzC81MDDgaUP8ld2zhx58HdqXGoBd+tHdrBMiyjGQs0Hxs/MLZTu/eHNJJuWPw=="
    },
    "node_modules/jquery-datetimepicker": {
      "version": "2.5.21",
      "resolved": "https://registry.npmjs.org/jquery-datetimepicker/-/jquery-datetimepicker-2.5.21.tgz",
      "integrity": "sha512-wDTpZ4f1PWd1XGaIIE0n6jLynlm+akBJ7/NjaB1bk2UJSS593CHJPZ3+FNEXoyvNVUeBlBC0oX6WTfCyfUhX/w==",
      "dependencies": {
        "jquery": ">= 1.7.2",
        "jquery-mousewheel": ">= 3.1.13",
        "php-date-formatter": "^1.3.4"
      }
    },
    "node_modules/jquery-mousewheel": {
      "version": "3.1.13",
      "resolved": "https://registry.npmjs.org/jquery-mousewheel/-/jquery-mousewheel-3.1.13.tgz",
      "integrity": "sha512-GXhSjfOPyDemM005YCEHvzrEALhKDIswtxSHSR2e4K/suHVJKJxxRCGz3skPjNxjJjQa9AVSGGlYjv1M3VLIPg=="
    },
    "node_modules/jquery-validation": {
      "version": "1.19.5",
      "resolved": "https://registry.npmjs.org/jquery-validation/-/jquery-validation-1.19.5.tgz",
      "integrity": "sha512-X2SmnPq1mRiDecVYL8edWx+yTBZDyC8ohWXFhXdtqFHgU9Wd4KHkvcbCoIZ0JaSaumzS8s2gXSkP8F7ivg/8ZQ==",
      "peerDependencies": {
        "jquery": "^1.7 || ^2.0 || ^3.1"
      }
    },
    "node_modules/less": {
      "version": "3.13.1",
      "resolved": "https://registry.npmjs.org/less/-/less-3.13.1.tgz",
      "integrity": "sha512-SwA1aQXGUvp+P5XdZslUOhhLnClSLIjWvJhmd+Vgib5BFIr9lMNlQwmwUNOjXThF/A0x+MCYYPeWEfeWiLRnTw==",
      "dependencies": {
        "copy-anything": "^2.0.1",
        "tslib": "^1.10.0"
      },
      "bin": {
        "lessc": "bin/lessc"
      },
      "engines": {
        "node": ">=6"
      },
      "optionalDependencies": {
        "errno": "^0.1.1",
        "graceful-fs": "^4.1.2",
        "image-size": "~0.5.0",
        "make-dir": "^2.1.0",
        "mime": "^1.4.1",
        "native-request": "^1.0.5",
        "source-map": "~0.6.0"
      }
    },
    "node_modules/lightgallery": {
      "version": "1.10.0",
      "resolved": "https://registry.npmjs.org/lightgallery/-/lightgallery-1.10.0.tgz",
      "integrity": "sha512-3yjU2JATPFQxbcA0GglkWrdwC3Fjy9jjlvDymCrH4JizU2hN60z3r1Q4almFGcV/YFKIDWnD5k8o7zvFcTdaMg==",
      "dependencies": {
        "jquery": ">=1.7.0"
      }
    },
    "node_modules/make-dir": {
      "version": "2.1.0",
      "resolved": "https://registry.npmjs.org/make-dir/-/make-dir-2.1.0.tgz",
      "integrity": "sha512-LS9X+dc8KLxXCb8dni79fLIIUA5VyZoyjSMCwTluaXA0o27cCK0bhXkpgw+sTXVpPy/lSO57ilRixqk0vDmtRA==",
      "optional": true,
      "dependencies": {
        "pify": "^4.0.1",
        "semver": "^5.6.0"
      },
      "engines": {
        "node": ">=6"
      }
    },
    "node_modules/mime": {
      "version": "1.6.0",
      "resolved": "https://registry.npmjs.org/mime/-/mime-1.6.0.tgz",
      "integrity": "sha512-x0Vn8spI+wuJ1O6S7gnbaQg8Pxh4NNHb7KSINmEWKiPE4RKOplvijn+NkmYmmRgP68mc70j2EbeTFRsrswaQeg==",
      "optional": true,
      "bin": {
        "mime": "cli.js"
      },
      "engines": {
        "node": ">=4"
      }
    },
    "node_modules/native-request": {
      "version": "1.1.0",
      "resolved": "https://registry.npmjs.org/native-request/-/native-request-1.1.0.tgz",
      "integrity": "sha512-uZ5rQaeRn15XmpgE0xoPL8YWqcX90VtCFglYwAgkvKM5e8fog+vePLAhHxuuv/gRkrQxIeh5U3q9sMNUrENqWw==",
      "optional": true
    },
    "node_modules/owl.carousel": {
      "version": "2.3.4",
      "resolved": "https://registry.npmjs.org/owl.carousel/-/owl.carousel-2.3.4.tgz",
      "integrity": "sha512-JaDss9+feAvEW8KZppPSpllfposEzQiW+Ytt/Xm5t/3CTJ7YVmkh6RkWixoA2yXk2boIwedYxOvrrppIGzru9A==",
      "dependencies": {
        "jquery": ">=1.8.3"
      }
    },
    "node_modules/php-date-formatter": {
      "version": "1.3.6",
      "resolved": "https://registry.npmjs.org/php-date-formatter/-/php-date-formatter-1.3.6.tgz",
      "integrity": "sha512-/CKsZYmAwXeNh8KpD/CF9hcJDZNhdb2ICN8+qgqOt5sUu9liZIxZ1R284TNj5MtPt8RjG5X0xn6WSqL0kcKMBg=="
    },
    "node_modules/pify": {
      "version": "4.0.1",
      "resolved": "https://registry.npmjs.org/pify/-/pify-4.0.1.tgz",
      "integrity": "sha512-uB80kBFb/tfd68bVleG9T5GGsGPjJrLAUpR5PZIrhBnIaRTQRjqdJSsIKkOP6OAIFbj7GOrcudc5pNjZ+geV2g==",
      "optional": true,
      "engines": {
        "node": ">=6"
      }
    },
    "node_modules/prr": {
      "version": "1.0.1",
      "resolved": "https://registry.npmjs.org/prr/-/prr-1.0.1.tgz",
      "integrity": "sha512-yPw4Sng1gWghHQWj0B3ZggWUm4qVbPwPFcRG8KyxiU7J2OHFSoEHKS+EZ3fv5l1t9CyCiop6l/ZYeWbrgoQejw==",
      "optional": true
    },
    "node_modules/semver": {
      "version": "5.7.1",
      "resolved": "https://registry.npmjs.org/semver/-/semver-5.7.1.tgz",
      "integrity": "sha512-sauaDf/PZdVgrLTNYHRtpXa1iRiKcaebiKQ1BJdpQlWH2lCvexQdX55snPFyK7QzpudqbCI0qXFfOasHdyNDGQ==",
      "optional": true,
      "bin": {
        "semver": "bin/semver"
      }
    },
    "node_modules/simple-line-icons": {
      "version": "2.5.5",
      "resolved": "https://registry.npmjs.org/simple-line-icons/-/simple-line-icons-2.5.5.tgz",
      "integrity": "sha512-v52iGG/qFZTSD/70yOfA1lYoN6zmjEfDjzFT6U6jNSCsh/aeVjy+8sYyTXWz1w7tLIkN2XeMmG+cLJp/0zYK4Q==",
      "dependencies": {
        "less": "^3.12.2"
      }
    },
    "node_modules/source-map": {
      "version": "0.6.1",
      "resolved": "https://registry.npmjs.org/source-map/-/source-map-0.6.1.tgz",
      "integrity": "sha512-UjgapumWlbMhkBgzT7Ykc5YXUT46F0iKu8SGXq0bcwP5dz/h0Plj6enJqjz1Zbq2l5WaqYnrVbwWOWMyF3F47g==",
      "optional": true,
      "engines": {
        "node": ">=0.10.0"
      }
    },
    "node_modules/sweetalert2": {
      "version": "8.19.1",
      "resolved": "https://registry.npmjs.org/sweetalert2/-/sweetalert2-8.19.1.tgz",
      "integrity": "sha512-EOeDLj31k1X948R6B8sMG5EhU3egbMRBNZs/cog0egIdLZ6E0R0elZrcbwiGhV50IPHO39vDUNCRmzxqwJhRag=="
    },
    "node_modules/tslib": {
      "version": "1.14.1",
      "resolved": "https://registry.npmjs.org/tslib/-/tslib-1.14.1.tgz",
      "integrity": "sha512-Xni35NKzjgMrwevysHTCArtLDpPvye8zV/0E4EyYn43P7/7qvQwPh9BGkHewbMulVntbigmcT7rdX3BNo9wRJg=="
    },
    "node_modules/vanilla-cookieconsent": {
      "version": "2.8.9",
      "resolved": "https://registry.npmjs.org/vanilla-cookieconsent/-/vanilla-cookieconsent-2.8.9.tgz",
      "integrity": "sha512-4seMLm+oOLYT4HTrjai9ceIRmRP00apkoEg/fV3P9GtN0QPPGuPQfe2UwXPuZZfR5E0t9EVvVFITIOwPtxOGkQ=="
    },
    "node_modules/wowjs": {
      "version": "1.1.3",
      "resolved": "https://registry.npmjs.org/wowjs/-/wowjs-1.1.3.tgz",
      "integrity": "sha512-HQp1gi56wYmjOYYOMZ08TnDGpT+AO21RJVa0t1NJ3jU8l3dMyP+sY7TO/lilzVp4JFjW88bBY87RnpxdpSKofA==",
      "dependencies": {
        "animate.css": "latest"
      }
    }
  }
}
